<?xml version="1.0" encoding="utf-8"?>
<Project ToolsVersion="4.0" xmlns="http://schemas.microsoft.com/developer/msbuild/2003">
  <ItemGroup>
    <Filter Include="Source Files">
      <UniqueIdentifier>{4FC737F1-C7A5-4376-A066-2A32D752A2FF}</UniqueIdentifier>
      <Extensions>cpp;c;cc;cxx;def;odl;idl;hpj;bat;asm;asmx</Extensions>
    </Filter>
    <Filter Include="Header Files">
      <UniqueIdentifier>{93995380-89BD-4b04-88EB-625FBE52EBFB}</UniqueIdentifier>
      <Extensions>h;hh;hpp;hxx;hm;inl;inc;xsd</Extensions>
    </Filter>
    <Filter Include="Resource Files">
      <UniqueIdentifier>{67DA6AB6-F800-4c08-8B7A-83BB121AAD01}</UniqueIdentifier>
      <Extensions>rc;ico;cur;bmp;dlg;rc2;rct;bin;rgs;gif;jpg;jpeg;jpe;resx;tiff;tif;png;wav</Extensions>
    </Filter>
  </ItemGroup>
  <ItemGroup>
    <ClCompile Include="src\main.cpp">
      <Filter>Source Files</Filter>
    </ClCompile>
    <ClCompile Include="src\ast\ast.cpp">
      <Filter>Source Files</Filter>
    </ClCompile>
    <ClCompile Include="src\parse\CapsuleBaseListener.cpp">
      <Filter>Source Files</Filter>
    </ClCompile>
    <ClCompile Include="src\parse\CapsuleBaseVisitor.cpp">
      <Filter>Source Files</Filter>
    </ClCompile>
    <ClCompile Include="src\parse\CapsuleLexer.cpp">
      <Filter>Source Files</Filter>
    </ClCompile>
    <ClCompile Include="src\parse\CapsuleListener.cpp">
      <Filter>Source Files</Filter>
    </ClCompile>
    <ClCompile Include="src\parse\CapsuleParser.cpp">
      <Filter>Source Files</Filter>
    </ClCompile>
    <ClCompile Include="src\parse\CapsuleVisitor.cpp">
      <Filter>Source Files</Filter>
    </ClCompile>
    <ClCompile Include="src\ast\operator.cpp">
      <Filter>Source Files</Filter>
    </ClCompile>
    <ClCompile Include="src\ast\ast_builder_visitor.cpp">
      <Filter>Source Files</Filter>
    </ClCompile>
  </ItemGroup>
  <ItemGroup>
    <ClInclude Include="src\ast\ast.h">
      <Filter>Header Files</Filter>
    </ClInclude>
    <ClInclude Include="src\parse\CapsuleBaseListener.h">
      <Filter>Header Files</Filter>
    </ClInclude>
    <ClInclude Include="src\parse\CapsuleBaseVisitor.h">
      <Filter>Header Files</Filter>
    </ClInclude>
    <ClInclude Include="src\parse\CapsuleLexer.h">
      <Filter>Header Files</Filter>
    </ClInclude>
    <ClInclude Include="src\parse\CapsuleListener.h">
      <Filter>Header Files</Filter>
    </ClInclude>
    <ClInclude Include="src\parse\CapsuleParser.h">
      <Filter>Header Files</Filter>
    </ClInclude>
    <ClInclude Include="src\parse\CapsuleVisitor.h">
      <Filter>Header Files</Filter>
    </ClInclude>
    <ClInclude Include="src\ast\expr.h">
      <Filter>Header Files</Filter>
    </ClInclude>
    <ClInclude Include="src\ast\function.h">
      <Filter>Header Files</Filter>
    </ClInclude>
    <ClInclude Include="src\ast\instance.h">
      <Filter>Header Files</Filter>
    </ClInclude>
    <ClInclude Include="src\ast\operator.h">
      <Filter>Header Files</Filter>
    </ClInclude>
    <ClInclude Include="src\ast\scope.h">
      <Filter>Header Files</Filter>
    </ClInclude>
    <ClInclude Include="src\ast\statement.h">
      <Filter>Header Files</Filter>
    </ClInclude>
    <ClInclude Include="src\ast\type.h">
      <Filter>Header Files</Filter>
    </ClInclude>
    <ClInclude Include="src\cap_intdef.h">
      <Filter>Header Files</Filter>
    </ClInclude>
    <ClInclude Include="src\ast\ast_builder_visitor.h">
      <Filter>Header Files</Filter>
    </ClInclude>
  </ItemGroup>
  <ItemGroup>
    <Text Include="src\ast\def_operators.txt" />
  </ItemGroup>
</Project>